
Microsoft Visual Studio Solution File, Format Version 12.00
# Visual Studio 15
VisualStudioVersion = 15.0.27004.2002
MinimumVisualStudioVersion = 10.0.40219.1
Project("{FAE04EC0-301F-11D3-BF4B-00C04F79EFBC}") = "vCast02", "vCast02\vCast02.csproj", "{13FF52BD-D9D8-445F-94E6-87B631D1E0F4}"
EndProject
Global
	GlobalSection(SolutionConfigurationPlatforms) = preSolution
		Debug|Any CPU = Debug|Any CPU
		Release|Any CPU = Release|Any CPU
	EndGlobalSection
	GlobalSection(ProjectConfigurationPlatforms) = postSolution
		{13FF52BD-D9D8-445F-94E6-87B631D1E0F4}.Debug|Any CPU.ActiveCfg = Debug|Any CPU
		{13FF52BD-D9D8-445F-94E6-87B631D1E0F4}.Debug|Any CPU.Build.0 = Debug|Any CPU
		{13FF52BD-D9D8-445F-94E6-87B631D1E0F4}.Release|Any CPU.ActiveCfg = Release|Any CPU
		{13FF52BD-D9D8-445F-94E6-87B631D1E0F4}.Release|Any CPU.Build.0 = Release|Any CPU
	EndGlobalSection
	GlobalSection(SolutionProperties) = preSolution
		HideSolutionNode = FALSE
	EndGlobalSection
	GlobalSection(ExtensibilityGlobals) = postSolution
		SolutionGuid = {F8C7655E-2680-4DBF-9B85-81E77FED426A}
	EndGlobalSection
EndGlobal
